
Microsoft Visual Studio Solution File, Format Version 12.00
# Visual Studio 15
VisualStudioVersion = 15.0.28010.2003
MinimumVisualStudioVersion = 10.0.40219.1
Project("{E24C65DC-7377-472B-9ABA-BC803B73C61A}") = "ProjetoAdsAcademia2018", "ProjetoAdsAcademia2018\", "{B8AF21D2-1EBE-4007-A8C1-BD0B71DF54E8}"
	ProjectSection(WebsiteProperties) = preProject
		TargetFrameworkMoniker = ".NETFramework,Version%3Dv4.6.1"
		Debug.AspNetCompiler.VirtualPath = "/localhost_60452"
		Debug.AspNetCompiler.PhysicalPath = "ProjetoAdsAcademia2018\"
		Debug.AspNetCompiler.TargetPath = "PrecompiledWeb\localhost_60452\"
		Debug.AspNetCompiler.Updateable = "true"
		Debug.AspNetCompiler.ForceOverwrite = "true"
		Debug.AspNetCompiler.FixedNames = "false"
		Debug.AspNetCompiler.Debug = "True"
		Release.AspNetCompiler.VirtualPath = "/localhost_60452"
		Release.AspNetCompiler.PhysicalPath = "ProjetoAdsAcademia2018\"
		Release.AspNetCompiler.TargetPath = "PrecompiledWeb\localhost_60452\"
		Release.AspNetCompiler.Updateable = "true"
		Release.AspNetCompiler.ForceOverwrite = "true"
		Release.AspNetCompiler.FixedNames = "false"
		Release.AspNetCompiler.Debug = "False"
		VWDPort = "60452"
		SlnRelativePath = "ProjetoAdsAcademia2018\"
		DefaultWebSiteLanguage = "Visual C#"
	EndProjectSection
EndProject
Global
	GlobalSection(SolutionConfigurationPlatforms) = preSolution
		Debug|Any CPU = Debug|Any CPU
	EndGlobalSection
	GlobalSection(ProjectConfigurationPlatforms) = postSolution
		{B8AF21D2-1EBE-4007-A8C1-BD0B71DF54E8}.Debug|Any CPU.ActiveCfg = Debug|Any CPU
		{B8AF21D2-1EBE-4007-A8C1-BD0B71DF54E8}.Debug|Any CPU.Build.0 = Debug|Any CPU
	EndGlobalSection
	GlobalSection(SolutionProperties) = preSolution
		HideSolutionNode = FALSE
	EndGlobalSection
	GlobalSection(ExtensibilityGlobals) = postSolution
		SolutionGuid = {89C96AE1-8D09-4A23-B904-AEA07C2322B1}
	EndGlobalSection
EndGlobal
